#MicroXplorer Configuration settings - do not modify
PF7.GPIOParameters=GPIO_Label
PC7.GPIOParameters=GPIO_Label
RCC.USART1Freq_Value=16000000
USART2.IPParameters=VirtualMode-Asynchronous
RCC.TIM17Freq_Value=72000000
SPI2.VirtualType=VM_MASTER
RCC.PLLCLKFreq_Value=96000000
RCC.PLLQCLKFreq_Value=48000000
PC7.Locked=true
PC6.GPIO_Label=GPIO0
RCC.RTCFreq_Value=32000
PB6.GPIO_Label=RST
USART1.IPParameters=VirtualMode-Asynchronous
PB13.Signal=SPI2_SCK
PinOutPanel.RotationAngle=0
PF6.GPIO_Label=LCD_D1
RCC.MCO1PinFreq_Value=16000000
RCC.LPTIM1Freq_Value=8000000
NVIC.SVCall_IRQn=true\:0\:0\:false\:false\:true\:true\:false
PF7.Signal=GPIO_Analog
RCC.LCDTFTFreq_Value=96000000
I2C4.Timing=0x2000090E
RCC.I2C4Freq_Value=8000000
RCC.APB2TimFreq_Value=16000000
PB6.Signal=GPIO_Analog
PC7.Signal=GPIO_Analog
PH1/OSC_OUT.Signal=RCC_OSC_OUT
RCC.SAI2Freq_Value=192000000
PE1.Signal=GPIO_Input
PF10.GPIO_Label=RS
PB13.Locked=true
RCC.USART3Freq_Value=8000000
RCC.PLLSAIRCLKFreq_Value=192000000
ProjectManager.ProjectBuild=false
NVIC.UsageFault_IRQn=true\:0\:0\:false\:false\:true\:true\:false
PB2.Signal=GPIO_Analog
PA8.Locked=true
PF1.GPIO_Label=LCD_D6
ProjectManager.FirmwarePackage=STM32Cube FW_F7 V1.16.0
MxDb.Version=DB.5.0.60
PB0.GPIOParameters=GPIO_Label
PE0.GPIOParameters=GPIO_Label
ProjectManager.BackupPrevious=false
PC4.GPIO_Label=LORA_RST
PB14.Mode=Asynchronous
PB1.GPIO_Label=LORA_DIO4
PE4.GPIO_Label=TIRQ
PF10.Locked=true
SPI2.CalculateBaudRate=4.0 MBits/s
PE2.Signal=GPIO_Analog
PA8.Signal=GPIO_Output
PF2.Locked=true
PE1.Locked=true
PB6.Locked=true
NVIC.PendSV_IRQn=true\:0\:0\:false\:false\:true\:true\:false
PF3.Signal=GPIO_Analog
ProjectManager.HalAssertFull=false
RCC.TIM1Freq_Value=72000000
RCC.PLLMCOFreq_Value=72000000
RCC.MCO2PinFreq_Value=16000000
PC8.GPIOParameters=GPIO_Label
Mcu.Package=LQFP144
PB9.Signal=GPIO_Analog
PF8.GPIOParameters=GPIO_Label
PB1.Signal=GPIO_Analog
RCC.TIM15Freq_Value=72000000
SPI2.Mode=SPI_MODE_MASTER
RCC.ADC34outputFreq_Value=72000000
VP_SYS_VS_Systick.Signal=SYS_VS_Systick
PA10.Signal=USB_OTG_FS_ID
RCC.DFSDMFreq_Value=16000000
PF7.Locked=true
RCC.CECFreq_Value=32786.88524590164
PF14.Signal=I2C4_SCL
RCC.APB1TimFreq_Value=16000000
NVIC.BusFault_IRQn=true\:0\:0\:false\:false\:true\:true\:false
PB13.Mode=Full_Duplex_Master
PB10.GPIOParameters=GPIO_Label
RCC.DFSDMAudioFreq_Value=192000000
ProjectManager.CustomerFirmwarePackage=
PC4.GPIOParameters=GPIO_Label
PF4.GPIOParameters=GPIO_Label
RCC.PLLSAIQCLKFreq_Value=192000000
RCC.PLLQoutputFreq_Value=48000000
ProjectManager.ProjectFileName=LoraLCD.ioc
RCC.ADC12outputFreq_Value=72000000
Mcu.PinsNb=53
PC2.Signal=SPI2_MISO
PC6.Signal=GPIO_Analog
PB11.GPIO_Label=LORA_DIO2
RCC.UART8Freq_Value=8000000
RCC.APB1CLKDivider=RCC_HCLK_DIV2
PF8.GPIO_Label=RD
RCC.WatchDogFreq_Value=32000
PA3.Mode=Asynchronous
PA8.GPIO_Label=EN_LORA
Mcu.Pin51=PE1
RCC.USART6Freq_Value=16000000
Mcu.Pin52=VP_SYS_VS_Systick
Mcu.Pin50=PE0
PC6.Locked=true
PA9.Signal=USB_OTG_FS_VBUS
I2C1.Timing=0x2000090E
PB11.GPIOParameters=GPIO_Label
PB9.Locked=true
Mcu.Pin48=PB8
Mcu.Pin49=PB9
Mcu.Pin46=PB6
Mcu.Pin47=PB7
PA0/WKUP.Mode=CTS_RTS
PB10.Signal=GPIO_Analog
PF3.GPIOParameters=GPIO_Label
PB14.Signal=USART1_TX
Mcu.Pin40=PC9
Mcu.Pin41=PA8
Mcu.Pin44=PA11
Mcu.Pin45=PA12
Mcu.Pin42=PA9
Mcu.Pin43=PA10
PE1.GPIO_Label=TDO
ProjectManager.LastFirmware=true
PF2.GPIOParameters=GPIO_Label
PA1.Mode=CTS_RTS
Mcu.Pin37=PC6
Mcu.Pin38=PC7
RCC.PRESCALERUSB=RCC_USBCLKSOURCE_PLL_DIV1_5
Mcu.Pin35=PB14
RCC.I2C1Freq_Value=8000000
Mcu.Pin36=PB15
RCC.PLLI2SPCLKFreq_Value=192000000
Mcu.Pin39=PC8
RCC.RNGFreq_Value=48000000
PF4.GPIO_Label=LCD_D3
Mcu.Pin30=PF15
RCC.EthernetFreq_Value=16000000
Mcu.Pin33=PB12
Mcu.Pin34=PB13
Mcu.Pin31=PB10
Mcu.Pin32=PB11
NVIC.NonMaskableInt_IRQn=true\:0\:0\:false\:false\:true\:true\:false
ProjectManager.FreePins=false
PC9.GPIOParameters=GPIO_Label
PF9.GPIOParameters=GPIO_Label
RCC.PLLI2SQCLKFreq_Value=192000000
Mcu.Pin26=PB0
Mcu.Pin27=PB1
RCC.RTCHSEDivFreq_Value=4000000
Mcu.Pin24=PC4
ProjectManager.UnderRoot=false
Mcu.Pin25=PC5
PC7.GPIO_Label=GPIO1
Mcu.Pin28=PB2
Mcu.Pin29=PF14
Mcu.Pin22=PA2
Mcu.Pin23=PA3
Mcu.Pin20=PA0/WKUP
Mcu.Pin21=PA1
NVIC.ForceEnableDMAVector=true
NVIC.MemoryManagement_IRQn=true\:0\:0\:false\:false\:true\:true\:false
ProjectManager.CompilerOptimize=6
PA11.Signal=USB_OTG_FS_DM
ProjectManager.HeapSize=0x200
Mcu.Pin15=PF10
NVIC.HardFault_IRQn=true\:0\:0\:false\:false\:true\:true\:false
Mcu.Pin16=PH0/OSC_IN
Mcu.Pin13=PF8
Mcu.Pin14=PF9
PF8.Locked=true
PF10.GPIOParameters=GPIO_Label
Mcu.Pin19=PC2
ProjectManager.ComputerToolchain=false
Mcu.Pin17=PH1/OSC_OUT
PF9.Signal=GPIO_Analog
Mcu.Pin18=PC1
RCC.TIM3Freq_Value=72000000
NVIC.PriorityGroup=NVIC_PRIORITYGROUP_4
Mcu.Pin11=PF6
Mcu.Pin12=PF7
PF0.GPIO_Label=LCD_D7
PB8.Mode=I2C
Mcu.Pin10=PF5
PE2.Locked=true
PE3.Signal=GPIO_Analog
PF3.Locked=true
PC15/OSC32_OUT.Signal=RCC_OSC32_OUT
PF4.Signal=GPIO_Analog
RCC.I2C2Freq_Value=8000000
RCC.SDMMC2Freq_Value=16000000
PB0.Signal=GPIO_Output
PC1.Signal=SPI2_MOSI
PC1.Mode=Full_Duplex_Master
Mcu.Family=STM32F7
ProjectManager.MainLocation=Src
RCC.MCOFreq_Value=72000000
SPI2.VirtualNSS=VM_NSSHARD
RCC.SAI1Freq_Value=192000000
RCC.CortexFreq_Value=16000000
ProjectManager.KeepUserCode=true
Mcu.UserName=STM32F767ZITx
PC5.Locked=true
RCC.SYSCLKSourceVirtual=RCC_SYSCLKSOURCE_PLLCLK
PF0.GPIOParameters=GPIO_Label
ProjectManager.functionlistsort=1-MX_GPIO_Init-GPIO-false-HAL-true,2-SystemClock_Config-RCC-false-HAL-false,3-MX_CORTEX_M7_Init-CORTEX_M7-false-HAL-true,4-MX_I2C1_Init-I2C1-false-HAL-true,5-MX_I2C4_Init-I2C4-false-HAL-true,6-MX_SPI2_Init-SPI2-false-HAL-true,7-MX_USART1_UART_Init-USART1-false-HAL-true,8-MX_USART2_UART_Init-USART2-false-HAL-true,9-MX_USB_OTG_FS_USB_Init-USB_OTG_FS-false-HAL-true
PA11.Mode=OTG/Dual_Role_Device
PA0/WKUP.Signal=USART2_CTS
PC9.Locked=true
PB0.GPIO_Label=LORA_DIO3
PC14/OSC32_IN.Mode=LSE-External-Oscillator
RCC.PLLI2SRCLKFreq_Value=192000000
RCC.USART2Freq_Value=8000000
PB11.Signal=GPIO_Analog
PB15.Signal=USART1_RX
ProjectManager.StackSize=0x400
RCC.I2C3Freq_Value=8000000
Mcu.IP4=RCC
RCC.FCLKCortexFreq_Value=16000000
Mcu.IP5=SPI2
Mcu.IP2=I2C4
I2C1.IPParameters=Timing
Mcu.IP3=NVIC
Mcu.IP0=CORTEX_M7
Mcu.IP1=I2C1
PA12.Signal=USB_OTG_FS_DP
PE4.GPIOParameters=GPIO_Label
PF9.Locked=true
Mcu.UserConstants=
PF1.GPIOParameters=GPIO_Label
RCC.SDMMCFreq_Value=16000000
PF5.Locked=true
Mcu.ThirdPartyNb=0
PH0/OSC_IN.Mode=HSE-External-Oscillator
RCC.HCLKFreq_Value=16000000
Mcu.IPNb=10
RCC.I2SClocksFreq_Value=48000000
RCC.PLLI2SRoutputFreq_Value=192000000
ProjectManager.PreviousToolchain=
PF1.Locked=true
RCC.SPDIFRXFreq_Value=192000000
RCC.VcooutputI2S=48000000
PA8.GPIOParameters=GPIO_Label
Mcu.Pin6=PF1
Mcu.Pin7=PF2
Mcu.Pin8=PF3
Mcu.Pin9=PF4
RCC.VCOSAIOutputFreq_Value=384000000
RCC.AHBFreq_Value=16000000
RCC.TIM2Freq_Value=72000000
Mcu.Pin0=PE2
Mcu.Pin1=PE3
GPIO.groupedBy=Group By Peripherals
Mcu.Pin2=PE4
Mcu.Pin3=PC14/OSC32_IN
Mcu.Pin4=PC15/OSC32_OUT
Mcu.Pin5=PF0
RCC.HSE_VALUE=16000000
NVIC.DebugMonitor_IRQn=true\:0\:0\:false\:false\:true\:true\:false
USART2.VirtualMode-Asynchronous=VM_ASYNC
NVIC.SysTick_IRQn=true\:0\:0\:false\:false\:true\:true\:true
RCC.PLLMUL=RCC_PLL_MUL9
PF7.GPIO_Label=LCD_D0
RCC.VCOInputFreq_Value=2000000
File.Version=6
PE3.GPIOParameters=GPIO_Label
PE3.Locked=true
PB7.Signal=I2C1_SDA
PB8.Locked=true
PE4.Signal=GPIO_Input
PH1/OSC_OUT.Mode=HSE-External-Oscillator
PB6.GPIOParameters=GPIO_Label
PB0.Locked=true
ProjectManager.ProjectName=LoraLCD
PF15.Mode=I2C
PB12.Mode=NSS_Signal_Hard_Output
PC14/OSC32_IN.Signal=RCC_OSC32_IN
ProjectManager.ToolChainLocation=
RCC.LSI_VALUE=32000
PF5.GPIO_Label=LCD_D2
PF8.Signal=GPIO_Analog
PE0.GPIO_Label=TDIN
PF5.Signal=GPIO_Analog
RCC.TIM16Freq_Value=72000000
PF4.Locked=true
PC4.Locked=true
SPI2.Direction=SPI_DIRECTION_2LINES
PF0.Signal=GPIO_Analog
PC5.Signal=GPIO_Analog
PF3.GPIO_Label=LCD_D4
PE2.GPIO_Label=TCS
PA3.Signal=USART2_RX
RCC.I2SFreq_Value=192000000
RCC.UART7Freq_Value=8000000
PB9.GPIO_Label=CS
PA10.Mode=OTG/Dual_Role_Device
PC9.GPIO_Label=GPIO3
ProjectManager.NoMain=false
RCC.PLLRFreq_Value=96000000
PC8.Signal=GPIO_Analog
PC4.Signal=GPIO_Output
ProjectManager.DefaultFWLocation=true
PC2.Mode=Full_Duplex_Master
ProjectManager.DeletePrevious=true
PB10.Locked=true
RCC.LCDTFToutputFreq_Value=24000000
boardIOC=true
RCC.FamilyName=M
PB9.GPIOParameters=GPIO_Label
PC8.GPIO_Label=GPIO2
USART1.VirtualMode-Asynchronous=VM_ASYNC
PA9.Mode=Activate_VBUS
PF6.Signal=GPIO_Analog
ProjectManager.TargetToolchain=Makefile
PB10.GPIO_Label=LORA_DIO1
PF6.Locked=true
PC5.GPIOParameters=GPIO_Label
PB2.GPIOParameters=GPIO_Label
PE4.Locked=true
SPI2.IPParameters=VirtualType,Mode,Direction,CalculateBaudRate,VirtualNSS
PF2.Signal=GPIO_Analog
PE2.GPIOParameters=GPIO_Label
PE0.Locked=true
RCC.USBFreq_Value=48000000
PF5.GPIOParameters=GPIO_Label
PF9.GPIO_Label=WR
RCC.PLLSAIoutputFreq_Value=192000000
PA1.Signal=USART2_RTS
PB1.Locked=true
RCC.VCOI2SOutputFreq_Value=384000000
RCC.PLLSAIPCLKFreq_Value=192000000
board=NUCLEO-F767ZI
RCC.VCOOutputFreq_Value=192000000
PB15.Mode=Asynchronous
RCC.VCOOutput2Freq_Value=8000000
PH0/OSC_IN.Signal=RCC_OSC_IN
RCC.APB2Freq_Value=16000000
RCC.TIM8Freq_Value=72000000
RCC.UART4Freq_Value=8000000
MxCube.Version=5.6.0
PF10.Signal=GPIO_Analog
PF14.Mode=I2C
VP_SYS_VS_Systick.Mode=SysTick
PF15.Signal=I2C4_SDA
PF0.Locked=true
PF1.Signal=GPIO_Analog
RCC.UART5Freq_Value=8000000
RCC.IPParameters=48MHZClocksFreq_Value,ADC12outputFreq_Value,ADC34outputFreq_Value,AHBFreq_Value,APB1CLKDivider,APB1Freq_Value,APB1TimFreq_Value,APB2Freq_Value,APB2TimFreq_Value,CECFreq_Value,CortexFreq_Value,DFSDMAudioFreq_Value,DFSDMFreq_Value,EthernetFreq_Value,FCLKCortexFreq_Value,FamilyName,HCLKFreq_Value,HSE_VALUE,HSI_VALUE,I2C1Freq_Value,I2C2Freq_Value,I2C3Freq_Value,I2C4Freq_Value,I2SClocksFreq_Value,I2SFreq_Value,LCDTFTFreq_Value,LCDTFToutputFreq_Value,LPTIM1Freq_Value,LSI_VALUE,MCO1PinFreq_Value,MCO2PinFreq_Value,MCOFreq_Value,PLLCLKFreq_Value,PLLI2SPCLKFreq_Value,PLLI2SQCLKFreq_Value,PLLI2SRCLKFreq_Value,PLLI2SRoutputFreq_Value,PLLM,PLLMCOFreq_Value,PLLMUL,PLLN,PLLQ,PLLQCLKFreq_Value,PLLQoutputFreq_Value,PLLRFreq_Value,PLLSAIPCLKFreq_Value,PLLSAIQCLKFreq_Value,PLLSAIRCLKFreq_Value,PLLSAIoutputFreq_Value,PRESCALERUSB,RNGFreq_Value,RTCFreq_Value,RTCHSEDivFreq_Value,SAI1Freq_Value,SAI2Freq_Value,SDMMC2Freq_Value,SDMMCFreq_Value,SPDIFRXFreq_Value,SYSCLKFreq_VALUE,SYSCLKSourceVirtual,TIM15Freq_Value,TIM16Freq_Value,TIM17Freq_Value,TIM1Freq_Value,TIM20Freq_Value,TIM2Freq_Value,TIM3Freq_Value,TIM8Freq_Value,UART4Freq_Value,UART5Freq_Value,UART7Freq_Value,UART8Freq_Value,USART1Freq_Value,USART2Freq_Value,USART3Freq_Value,USART6Freq_Value,USBFreq_Value,VCOI2SOutputFreq_Value,VCOInputFreq_Value,VCOOutput2Freq_Value,VCOOutputFreq_Value,VCOSAIOutputFreq_Value,VcooutputI2S,WatchDogFreq_Value
ProjectManager.AskForMigrate=true
Mcu.Name=STM32F767ZITx
PE0.Signal=GPIO_Analog
PA2.Signal=USART2_TX
PB2.Locked=true
Mcu.IP8=USART2
Mcu.IP9=USB_OTG_FS
Mcu.IP6=SYS
Mcu.IP7=USART1
ProjectManager.CoupleFile=false
RCC.48MHZClocksFreq_Value=24000000
RCC.SYSCLKFreq_VALUE=16000000
PA12.Mode=OTG/Dual_Role_Device
KeepUserPlacement=false
PC5.GPIO_Label=LORA_DIO5
PC15/OSC32_OUT.Mode=LSE-External-Oscillator
PB7.Mode=I2C
PB2.GPIO_Label=LORA_DIO0
PF6.GPIOParameters=GPIO_Label
PC6.GPIOParameters=GPIO_Label
RCC.TIM20Freq_Value=72000000
RCC.HSI_VALUE=16000000
RCC.PLLQ=4
RCC.PLLM=8
RCC.PLLN=96
PA2.Mode=Asynchronous
PB8.Signal=I2C1_SCL
PE3.GPIO_Label=TCLK
PC8.Locked=true
PC9.Signal=GPIO_Analog
RCC.APB1Freq_Value=8000000
PB11.Locked=true
ProjectManager.DeviceId=STM32F767ZITx
PB12.Signal=SPI2_NSS
ProjectManager.LibraryCopy=1
I2C4.IPParameters=Timing
PE1.GPIOParameters=GPIO_Label
PB1.GPIOParameters=GPIO_Label
PF2.GPIO_Label=LCD_D5
